{
	"name": "tigron-datetimepicker",
	"version": "1.0.1",
	"lockfileVersion": 3,
	"requires": true,
	"packages": {
		"": {
			"name": "tigron-datetimepicker",
			"version": "1.0.1",
			"license": "ISC",
			"dependencies": {
				"@eonasdan/tempus-dominus": "^6.9.10",
				"@popperjs/core": "^2.11.8"
			}
		},
		"node_modules/@eonasdan/tempus-dominus": {
			"version": "6.9.10",
			"resolved": "https://registry.npmjs.org/@eonasdan/tempus-dominus/-/tempus-dominus-6.9.10.tgz",
			"integrity": "sha512-RUAPAVhtnVtF7Ttbr3PJopMPNeZy1ao3oBvDEZsMJEK6QHWMr5iNK6dLCTdEgE9caRZlL26O+EX1lOix2u9Thw==",
			"license": "MIT",
			"funding": {
				"url": "https://ko-fi.com/eonasdan"
			},
			"peerDependencies": {
				"@popperjs/core": "^2.11.6"
			},
			"peerDependenciesMeta": {
				"@popperjs/core\"": {
					"optional": true
				}
			}
		},
		"node_modules/@popperjs/core": {
			"version": "2.11.8",
			"resolved": "https://registry.npmjs.org/@popperjs/core/-/core-2.11.8.tgz",
			"integrity": "sha512-P1st0aksCrn9sGZhp8GMYwBnQsbvAWsZAX44oXNNvLHGqAOcoVxmjZiohstwQ7SqKnbR47akdNi+uleWD8+g6A==",
			"license": "MIT",
			"funding": {
				"type": "opencollective",
				"url": "https://opencollective.com/popperjs"
			}
		}
	}
}
